// !$*UTF8*$!
{
	archiveVersion = 1;
	classes = {
	};
	objectVersion = 56;
	objects = {

/* Begin PBXBuildFile section */
		9949731D2B45A61C00D661D4 /* SimpleSignUpApp.swift in Sources */ = {isa = PBXBuildFile; fileRef = 9949731C2B45A61C00D661D4 /* SimpleSignUpApp.swift */; };
		9949731F2B45A61C00D661D4 /* ContentView.swift in Sources */ = {isa = PBXBuildFile; fileRef = 9949731E2B45A61C00D661D4 /* ContentView.swift */; };
		994973212B45A61C00D661D4 /* Assets.xcassets in Resources */ = {isa = PBXBuildFile; fileRef = 994973202B45A61C00D661D4 /* Assets.xcassets */; };
		994973242B45A61C00D661D4 /* Preview Assets.xcassets in Resources */ = {isa = PBXBuildFile; fileRef = 994973232B45A61C00D661D4 /* Preview Assets.xcassets */; };
		9949732B2B45A63300D661D4 /* UserViewModel.swift in Sources */ = {isa = PBXBuildFile; fileRef = 9949732A2B45A63300D661D4 /* UserViewModel.swift */; };
		A6D7EC3BBD46D66F465566C5 /* Pods_SimpleSignUp.framework in Frameworks */ = {isa = PBXBuildFile; fileRef = 7EB9A6319C5007B69EC5B189 /* Pods_SimpleSignUp.framework */; };
/* End PBXBuildFile section */

/* Begin PBXFileReference section */
		0077E1CDAA69CA8E06574D3B /* Pods-SimpleSignUp.release.xcconfig */ = {isa = PBXFileReference; includeInIndex = 1; lastKnownFileType = text.xcconfig; name = "Pods-SimpleSignUp.release.xcconfig"; path = "Target Support Files/Pods-SimpleSignUp/Pods-SimpleSignUp.release.xcconfig"; sourceTree = "<group>"; };
		1088D79E2EED98EFAFE72D9D /* Pods-SimpleSignUp.debug.xcconfig */ = {isa = PBXFileReference; includeInIndex = 1; lastKnownFileType = text.xcconfig; name = "Pods-SimpleSignUp.debug.xcconfig"; path = "Target Support Files/Pods-SimpleSignUp/Pods-SimpleSignUp.debug.xcconfig"; sourceTree = "<group>"; };
		7EB9A6319C5007B69EC5B189 /* Pods_SimpleSignUp.framework */ = {isa = PBXFileReference; explicitFileType = wrapper.framework; includeInIndex = 0; path = Pods_SimpleSignUp.framework; sourceTree = BUILT_PRODUCTS_DIR; };
		994973192B45A61C00D661D4 /* SimpleSignUp.app */ = {isa = PBXFileReference; explicitFileType = wrapper.application; includeInIndex = 0; path = SimpleSignUp.app; sourceTree = BUILT_PRODUCTS_DIR; };
		9949731C2B45A61C00D661D4 /* SimpleSignUpApp.swift */ = {isa = PBXFileReference; lastKnownFileType = sourcecode.swift; path = SimpleSignUpApp.swift; sourceTree = "<group>"; };
		9949731E2B45A61C00D661D4 /* ContentView.swift */ = {isa = PBXFileReference; lastKnownFileType = sourcecode.swift; path = ContentView.swift; sourceTree = "<group>"; };
		994973202B45A61C00D661D4 /* Assets.xcassets */ = {isa = PBXFileReference; lastKnownFileType = folder.assetcatalog; path = Assets.xcassets; sourceTree = "<group>"; };
		994973232B45A61C00D661D4 /* Preview Assets.xcassets */ = {isa = PBXFileReference; lastKnownFileType = folder.assetcatalog; path = "Preview Assets.xcassets"; sourceTree = "<group>"; };
		9949732A2B45A63300D661D4 /* UserViewModel.swift */ = {isa = PBXFileReference; lastKnownFileType = sourcecode.swift; path = UserViewModel.swift; sourceTree = "<group>"; };
/* End PBXFileReference section */

/* Begin PBXFrameworksBuildPhase section */
		994973162B45A61C00D661D4 /* Frameworks */ = {
			isa = PBXFrameworksBuildPhase;
			buildActionMask = 2147483647;
			files = (
				A6D7EC3BBD46D66F465566C5 /* Pods_SimpleSignUp.framework in Frameworks */,
			);
			runOnlyForDeploymentPostprocessing = 0;
		};
/* End PBXFrameworksBuildPhase section */

/* Begin PBXGroup section */
		249CDBEBBA0F9FD228AF3D0B /* Pods */ = {
			isa = PBXGroup;
			children = (
				1088D79E2EED98EFAFE72D9D /* Pods-SimpleSignUp.debug.xcconfig */,
				0077E1CDAA69CA8E06574D3B /* Pods-SimpleSignUp.release.xcconfig */,
			);
			path = Pods;
			sourceTree = "<group>";
		};
		90F47ADE6D9BA12E93DACF20 /* Frameworks */ = {
			isa = PBXGroup;
			children = (
				7EB9A6319C5007B69EC5B189 /* Pods_SimpleSignUp.framework */,
			);
			name = Frameworks;
			sourceTree = "<group>";
		};
		994973102B45A61B00D661D4 = {
			isa = PBXGroup;
			children = (
				9949731B2B45A61C00D661D4 /* SimpleSignUp */,
				9949731A2B45A61C00D661D4 /* Products */,
				249CDBEBBA0F9FD228AF3D0B /* Pods */,
				90F47ADE6D9BA12E93DACF20 /* Frameworks */,
			);
			sourceTree = "<group>";
		};
		9949731A2B45A61C00D661D4 /* Products */ = {
			isa = PBXGroup;
			children = (
				994973192B45A61C00D661D4 /* SimpleSignUp.app */,
			);
			name = Products;
			sourceTree = "<group>";
		};
		9949731B2B45A61C00D661D4 /* SimpleSignUp */ = {
			isa = PBXGroup;
			children = (
				9949731C2B45A61C00D661D4 /* SimpleSignUpApp.swift */,
				9949731E2B45A61C00D661D4 /* ContentView.swift */,
				9949732A2B45A63300D661D4 /* UserViewModel.swift */,
				994973202B45A61C00D661D4 /* Assets.xcassets */,
				994973222B45A61C00D661D4 /* Preview Content */,
			);
			path = SimpleSignUp;
			sourceTree = "<group>";
		};
		994973222B45A61C00D661D4 /* Preview Content */ = {
			isa = PBXGroup;
			children = (
				994973232B45A61C00D661D4 /* Preview Assets.xcassets */,
			);
			path = "Preview Content";
			sourceTree = "<group>";
		};
/* End PBXGroup section */

/* Begin PBXNativeTarget section */
		994973182B45A61C00D661D4 /* SimpleSignUp */ = {
			isa = PBXNativeTarget;
			buildConfigurationList = 994973272B45A61C00D661D4 /* Build configuration list for PBXNativeTarget "SimpleSignUp" */;
			buildPhases = (
				4D96AAF4DAB6F18DB6F36C5E /* [CP] Check Pods Manifest.lock */,
				994973152B45A61C00D661D4 /* Sources */,
				994973162B45A61C00D661D4 /* Frameworks */,
				994973172B45A61C00D661D4 /* Resources */,
				0C3848D354CE470F14852F4C /* [CP] Embed Pods Frameworks */,
			);
			buildRules = (
			);
			dependencies = (
			);
			name = SimpleSignUp;
			productName = SimpleSignUp;
			productReference = 994973192B45A61C00D661D4 /* SimpleSignUp.app */;
			productType = "com.apple.product-type.application";
		};
/* End PBXNativeTarget section */

/* Begin PBXProject section */
		994973112B45A61B00D661D4 /* Project object */ = {
			isa = PBXProject;
			attributes = {
				BuildIndependentTargetsInParallel = 1;
				LastSwiftUpdateCheck = 1510;
				LastUpgradeCheck = 1510;
				TargetAttributes = {
					994973182B45A61C00D661D4 = {
						CreatedOnToolsVersion = 15.1;
					};
				};
			};
			buildConfigurationList = 994973142B45A61B00D661D4 /* Build configuration list for PBXProject "SimpleSignUp" */;
			compatibilityVersion = "Xcode 14.0";
			developmentRegion = en;
			hasScannedForEncodings = 0;
			knownRegions = (
				en,
				Base,
			);
			mainGroup = 994973102B45A61B00D661D4;
			productRefGroup = 9949731A2B45A61C00D661D4 /* Products */;
			projectDirPath = "";
			projectRoot = "";
			targets = (
				994973182B45A61C00D661D4 /* SimpleSignUp */,
			);
		};
/* End PBXProject section */

/* Begin PBXResourcesBuildPhase section */
		994973172B45A61C00D661D4 /* Resources */ = {
			isa = PBXResourcesBuildPhase;
			buildActionMask = 2147483647;
			files = (
				994973242B45A61C00D661D4 /* Preview Assets.xcassets in Resources */,
				994973212B45A61C00D661D4 /* Assets.xcassets in Resources */,
			);
			runOnlyForDeploymentPostprocessing = 0;
		};
/* End PBXResourcesBuildPhase section */

/* Begin PBXShellScriptBuildPhase section */
		0C3848D354CE470F14852F4C /* [CP] Embed Pods Frameworks */ = {
			isa = PBXShellScriptBuildPhase;
			buildActionMask = 2147483647;
			files = (
			);
			inputFileListPaths = (
				"${PODS_ROOT}/Target Support Files/Pods-SimpleSignUp/Pods-SimpleSignUp-frameworks-${CONFIGURATION}-input-files.xcfilelist",
			);
			name = "[CP] Embed Pods Frameworks";
			outputFileListPaths = (
				"${PODS_ROOT}/Target Support Files/Pods-SimpleSignUp/Pods-SimpleSignUp-frameworks-${CONFIGURATION}-output-files.xcfilelist",
			);
			runOnlyForDeploymentPostprocessing = 0;
			shellPath = /bin/sh;
			shellScript = "\"${PODS_ROOT}/Target Support Files/Pods-SimpleSignUp/Pods-SimpleSignUp-frameworks.sh\"\n";
			showEnvVarsInLog = 0;
		};
		4D96AAF4DAB6F18DB6F36C5E /* [CP] Check Pods Manifest.lock */ = {
			isa = PBXShellScriptBuildPhase;
			buildActionMask = 2147483647;
			files = (
			);
			inputFileListPaths = (
			);
			inputPaths = (
				"${PODS_PODFILE_DIR_PATH}/Podfile.lock",
				"${PODS_ROOT}/Manifest.lock",
			);
			name = "[CP] Check Pods Manifest.lock";
			outputFileListPaths = (
			);
			outputPaths = (
				"$(DERIVED_FILE_DIR)/Pods-SimpleSignUp-checkManifestLockResult.txt",
			);
			runOnlyForDeploymentPostprocessing = 0;
			shellPath = /bin/sh;
			shellScript = "diff \"${PODS_PODFILE_DIR_PATH}/Podfile.lock\" \"${PODS_ROOT}/Manifest.lock\" > /dev/null\nif [ $? != 0 ] ; then\n    # print error to STDERR\n    echo \"error: The sandbox is not in sync with the Podfile.lock. Run 'pod install' or update your CocoaPods installation.\" >&2\n    exit 1\nfi\n# This output is used by Xcode 'outputs' to avoid re-running this script phase.\necho \"SUCCESS\" > \"${SCRIPT_OUTPUT_FILE_0}\"\n";
			showEnvVarsInLog = 0;
		};
/* End PBXShellScriptBuildPhase section */

/* Begin PBXSourcesBuildPhase section */
		994973152B45A61C00D661D4 /* Sources */ = {
			isa = PBXSourcesBuildPhase;
			buildActionMask = 2147483647;
			files = (
				9949731F2B45A61C00D661D4 /* ContentView.swift in Sources */,
				9949732B2B45A63300D661D4 /* UserViewModel.swift in Sources */,
				9949731D2B45A61C00D661D4 /* SimpleSignUpApp.swift in Sources */,
			);
			runOnlyForDeploymentPostprocessing = 0;
		};
/* End PBXSourcesBuildPhase section */

/* Begin XCBuildConfiguration section */
		994973252B45A61C00D661D4 /* Debug */ = {
			isa = XCBuildConfiguration;
			buildSettings = {
				ALWAYS_SEARCH_USER_PATHS = NO;
				ASSETCATALOG_COMPILER_GENERATE_SWIFT_ASSET_SYMBOL_EXTENSIONS = YES;
				CLANG_ANALYZER_NONNULL = YES;
				CLANG_ANALYZER_NUMBER_OBJECT_CONVERSION = YES_AGGRESSIVE;
				CLANG_CXX_LANGUAGE_STANDARD = "gnu++20";
				CLANG_ENABLE_MODULES = YES;
				CLANG_ENABLE_OBJC_ARC = YES;
				CLANG_ENABLE_OBJC_WEAK = YES;
				CLANG_WARN_BLOCK_CAPTURE_AUTORELEASING = YES;
				CLANG_WARN_BOOL_CONVERSION = YES;
				CLANG_WARN_COMMA = YES;
				CLANG_WARN_CONSTANT_CONVERSION = YES;
				CLANG_WARN_DEPRECATED_OBJC_IMPLEMENTATIONS = YES;
				CLANG_WARN_DIRECT_OBJC_ISA_USAGE = YES_ERROR;
				CLANG_WARN_DOCUMENTATION_COMMENTS = YES;
				CLANG_WARN_EMPTY_BODY = YES;
				CLANG_WARN_ENUM_CONVERSION = YES;
				CLANG_WARN_INFINITE_RECURSION = YES;
				CLANG_WARN_INT_CONVERSION = YES;
				CLANG_WARN_NON_LITERAL_NULL_CONVERSION = YES;
				CLANG_WARN_OBJC_IMPLICIT_RETAIN_SELF = YES;
				CLANG_WARN_OBJC_LITERAL_CONVERSION = YES;
				CLANG_WARN_OBJC_ROOT_CLASS = YES_ERROR;
				CLANG_WARN_QUOTED_INCLUDE_IN_FRAMEWORK_HEADER = YES;
				CLANG_WARN_RANGE_LOOP_ANALYSIS = YES;
				CLANG_WARN_STRICT_PROTOTYPES = YES;
				CLANG_WARN_SUSPICIOUS_MOVE = YES;
				CLANG_WARN_UNGUARDED_AVAILABILITY = YES_AGGRESSIVE;
				CLANG_WARN_UNREACHABLE_CODE = YES;
				CLANG_WARN__DUPLICATE_METHOD_MATCH = YES;
				COPY_PHASE_STRIP = NO;
				DEBUG_INFORMATION_FORMAT = dwarf;
				ENABLE_STRICT_OBJC_MSGSEND = YES;
				ENABLE_TESTABILITY = YES;
				ENABLE_USER_SCRIPT_SANDBOXING = NO;
				GCC_C_LANGUAGE_STANDARD = gnu17;
				GCC_DYNAMIC_NO_PIC = NO;
				GCC_NO_COMMON_BLOCKS = YES;
				GCC_OPTIMIZATION_LEVEL = 0;
				GCC_PREPROCESSOR_DEFINITIONS = (
					"DEBUG=1",
					"$(inherited)",
				);
				GCC_WARN_64_TO_32_BIT_CONVERSION = YES;
				GCC_WARN_ABOUT_RETURN_TYPE = YES_ERROR;
				GCC_WARN_UNDECLARED_SELECTOR = YES;
				GCC_WARN_UNINITIALIZED_AUTOS = YES_AGGRESSIVE;
				GCC_WARN_UNUSED_FUNCTION = YES;
				GCC_WARN_UNUSED_VARIABLE = YES;
				IPHONEOS_DEPLOYMENT_TARGET = 16.0;
				LOCALIZATION_PREFERS_STRING_CATALOGS = YES;
				MTL_ENABLE_DEBUG_INFO = INCLUDE_SOURCE;
				MTL_FAST_MATH = YES;
				ONLY_ACTIVE_ARCH = YES;
				SDKROOT = iphoneos;
				SWIFT_ACTIVE_COMPILATION_CONDITIONS = "DEBUG $(inherited)";
				SWIFT_OPTIMIZATION_LEVEL = "-Onone";
			};
			name = Debug;
		};
		994973262B45A61C00D661D4 /* Release */ = {
			isa = XCBuildConfiguration;
			buildSettings = {
				ALWAYS_SEARCH_USER_PATHS = NO;
				ASSETCATALOG_COMPILER_GENERATE_SWIFT_ASSET_SYMBOL_EXTENSIONS = YES;
				CLANG_ANALYZER_NONNULL = YES;
				CLANG_ANALYZER_NUMBER_OBJECT_CONVERSION = YES_AGGRESSIVE;
				CLANG_CXX_LANGUAGE_STANDARD = "gnu++20";
				CLANG_ENABLE_MODULES = YES;
				CLANG_ENABLE_OBJC_ARC = YES;
				CLANG_ENABLE_OBJC_WEAK = YES;
				CLANG_WARN_BLOCK_CAPTURE_AUTORELEASING = YES;
				CLANG_WARN_BOOL_CONVERSION = YES;
				CLANG_WARN_COMMA = YES;
				CLANG_WARN_CONSTANT_CONVERSION = YES;
				CLANG_WARN_DEPRECATED_OBJC_IMPLEMENTATIONS = YES;
				CLANG_WARN_DIRECT_OBJC_ISA_USAGE = YES_ERROR;
				CLANG_WARN_DOCUMENTATION_COMMENTS = YES;
				CLANG_WARN_EMPTY_BODY = YES;
				CLANG_WARN_ENUM_CONVERSION = YES;
				CLANG_WARN_INFINITE_RECURSION = YES;
				CLANG_WARN_INT_CONVERSION = YES;
				CLANG_WARN_NON_LITERAL_NULL_CONVERSION = YES;
				CLANG_WARN_OBJC_IMPLICIT_RETAIN_SELF = YES;
				CLANG_WARN_OBJC_LITERAL_CONVERSION = YES;
				CLANG_WARN_OBJC_ROOT_CLASS = YES_ERROR;
				CLANG_WARN_QUOTED_INCLUDE_IN_FRAMEWORK_HEADER = YES;
				CLANG_WARN_RANGE_LOOP_ANALYSIS = YES;
				CLANG_WARN_STRICT_PROTOTYPES = YES;
				CLANG_WARN_SUSPICIOUS_MOVE = YES;
				CLANG_WARN_UNGUARDED_AVAILABILITY = YES_AGGRESSIVE;
				CLANG_WARN_UNREACHABLE_CODE = YES;
				CLANG_WARN__DUPLICATE_METHOD_MATCH = YES;
				COPY_PHASE_STRIP = NO;
				DEBUG_INFORMATION_FORMAT = "dwarf-with-dsym";
				ENABLE_NS_ASSERTIONS = NO;
				ENABLE_STRICT_OBJC_MSGSEND = YES;
				ENABLE_USER_SCRIPT_SANDBOXING = NO;
				GCC_C_LANGUAGE_STANDARD = gnu17;
				GCC_NO_COMMON_BLOCKS = YES;
				GCC_WARN_64_TO_32_BIT_CONVERSION = YES;
				GCC_WARN_ABOUT_RETURN_TYPE = YES_ERROR;
				GCC_WARN_UNDECLARED_SELECTOR = YES;
				GCC_WARN_UNINITIALIZED_AUTOS = YES_AGGRESSIVE;
				GCC_WARN_UNUSED_FUNCTION = YES;
				GCC_WARN_UNUSED_VARIABLE = YES;
				IPHONEOS_DEPLOYMENT_TARGET = 16.0;
				LOCALIZATION_PREFERS_STRING_CATALOGS = YES;
				MTL_ENABLE_DEBUG_INFO = NO;
				MTL_FAST_MATH = YES;
				SDKROOT = iphoneos;
				SWIFT_COMPILATION_MODE = wholemodule;
				VALIDATE_PRODUCT = YES;
			};
			name = Release;
		};
		994973282B45A61C00D661D4 /* Debug */ = {
			isa = XCBuildConfiguration;
			baseConfigurationReference = 1088D79E2EED98EFAFE72D9D /* Pods-SimpleSignUp.debug.xcconfig */;
			buildSettings = {
				ASSETCATALOG_COMPILER_APPICON_NAME = AppIcon;
				ASSETCATALOG_COMPILER_GLOBAL_ACCENT_COLOR_NAME = AccentColor;
				CODE_SIGN_STYLE = Automatic;
				CURRENT_PROJECT_VERSION = 1;
				DEVELOPMENT_ASSET_PATHS = "\"SimpleSignUp/Preview Content\"";
				DEVELOPMENT_TEAM = W8NDFKP8QJ;
				ENABLE_PREVIEWS = YES;
				GENERATE_INFOPLIST_FILE = YES;
				INFOPLIST_KEY_UIApplicationSceneManifest_Generation = YES;
				INFOPLIST_KEY_UIApplicationSupportsIndirectInputEvents = YES;
				INFOPLIST_KEY_UILaunchScreen_Generation = YES;
				INFOPLIST_KEY_UISupportedInterfaceOrientations_iPad = "UIInterfaceOrientationPortrait UIInterfaceOrientationPortraitUpsideDown UIInterfaceOrientationLandscapeLeft UIInterfaceOrientationLandscapeRight";
				INFOPLIST_KEY_UISupportedInterfaceOrientations_iPhone = "UIInterfaceOrientationPortrait UIInterfaceOrientationLandscapeLeft UIInterfaceOrientationLandscapeRight";
				LD_RUNPATH_SEARCH_PATHS = (
					"$(inherited)",
					"@executable_path/Frameworks",
				);
				MARKETING_VERSION = 1.0;
				PRODUCT_BUNDLE_IDENTIFIER = kz.danabek.abildayev.SimpleSignUp;
				PRODUCT_NAME = "$(TARGET_NAME)";
				SWIFT_EMIT_LOC_STRINGS = YES;
				SWIFT_VERSION = 5.0;
				TARGETED_DEVICE_FAMILY = "1,2";
			};
			name = Debug;
		};
		994973292B45A61C00D661D4 /* Release */ = {
			isa = XCBuildConfiguration;
			baseConfigurationReference = 0077E1CDAA69CA8E06574D3B /* Pods-SimpleSignUp.release.xcconfig */;
			buildSettings = {
				ASSETCATALOG_COMPILER_APPICON_NAME = AppIcon;
				ASSETCATALOG_COMPILER_GLOBAL_ACCENT_COLOR_NAME = AccentColor;
				CODE_SIGN_STYLE = Automatic;
				CURRENT_PROJECT_VERSION = 1;
				DEVELOPMENT_ASSET_PATHS = "\"SimpleSignUp/Preview Content\"";
				DEVELOPMENT_TEAM = W8NDFKP8QJ;
				ENABLE_PREVIEWS = YES;
				GENERATE_INFOPLIST_FILE = YES;
				INFOPLIST_KEY_UIApplicationSceneManifest_Generation = YES;
				INFOPLIST_KEY_UIApplicationSupportsIndirectInputEvents = YES;
				INFOPLIST_KEY_UILaunchScreen_Generation = YES;
				INFOPLIST_KEY_UISupportedInterfaceOrientations_iPad = "UIInterfaceOrientationPortrait UIInterfaceOrientationPortraitUpsideDown UIInterfaceOrientationLandscapeLeft UIInterfaceOrientationLandscapeRight";
				INFOPLIST_KEY_UISupportedInterfaceOrientations_iPhone = "UIInterfaceOrientationPortrait UIInterfaceOrientationLandscapeLeft UIInterfaceOrientationLandscapeRight";
				LD_RUNPATH_SEARCH_PATHS = (
					"$(inherited)",
					"@executable_path/Frameworks",
				);
				MARKETING_VERSION = 1.0;
				PRODUCT_BUNDLE_IDENTIFIER = kz.danabek.abildayev.SimpleSignUp;
				PRODUCT_NAME = "$(TARGET_NAME)";
				SWIFT_EMIT_LOC_STRINGS = YES;
				SWIFT_VERSION = 5.0;
				TARGETED_DEVICE_FAMILY = "1,2";
			};
			name = Release;
		};
/* End XCBuildConfiguration section */

/* Begin XCConfigurationList section */
		994973142B45A61B00D661D4 /* Build configuration list for PBXProject "SimpleSignUp" */ = {
			isa = XCConfigurationList;
			buildConfigurations = (
				994973252B45A61C00D661D4 /* Debug */,
				994973262B45A61C00D661D4 /* Release */,
			);
			defaultConfigurationIsVisible = 0;
			defaultConfigurationName = Release;
		};
		994973272B45A61C00D661D4 /* Build configuration list for PBXNativeTarget "SimpleSignUp" */ = {
			isa = XCConfigurationList;
			buildConfigurations = (
				994973282B45A61C00D661D4 /* Debug */,
				994973292B45A61C00D661D4 /* Release */,
			);
			defaultConfigurationIsVisible = 0;
			defaultConfigurationName = Release;
		};
/* End XCConfigurationList section */
	};
	rootObject = 994973112B45A61B00D661D4 /* Project object */;
}
